
Microsoft Visual Studio Solution File, Format Version 12.00
# Visual Studio 2012
Project("{FAE04EC0-301F-11D3-BF4B-00C04F79EFBC}") = "Timmys", "Timmys\Timmys.csproj", "{88CBB948-0FE0-4F6F-A008-373B1435EAED}"
EndProject
Project("{FAE04EC0-301F-11D3-BF4B-00C04F79EFBC}") = "POSRestaurant", "..\POS\POSRestaurant.csproj", "{43F7DCC6-1B8C-462C-9415-E22C472AB042}"
EndProject
Project("{FAE04EC0-301F-11D3-BF4B-00C04F79EFBC}") = "POSRetail", "..\POS Retail\POSRetail.csproj", "{1E0ADFB1-B83D-4DAA-8469-6736336ED398}"
EndProject
Project("{6141683F-8A12-4E36-9623-2EB02B2C2303}") = "FTech POS Restaurant", "..\Installer\FTech POS Restaurant\FTech POS Restaurant\FTech POS Restaurant.isproj", "{C3510D56-EF85-4EE1-B622-8BBA44025950}"
EndProject
Project("{6141683F-8A12-4E36-9623-2EB02B2C2303}") = "FTech POS Restaurant New", "..\Installer\FTech POS Restaurant New\FTech POS Restaurant New.isproj", "{574CF095-88B7-4149-A390-61E89EEEA503}"
	ProjectSection(ProjectDependencies) = postProject
		{43F7DCC6-1B8C-462C-9415-E22C472AB042} = {43F7DCC6-1B8C-462C-9415-E22C472AB042}
	EndProjectSection
EndProject
Project("{6141683F-8A12-4E36-9623-2EB02B2C2303}") = "FTech POS", "..\Installer\FTech POS\FTech POS.isproj", "{5A994489-11D3-42B0-A9E4-7568F494D14C}"
EndProject
Global
	GlobalSection(SolutionConfigurationPlatforms) = preSolution
		CD_ROM|Any CPU = CD_ROM|Any CPU
		Debug|Any CPU = Debug|Any CPU
		DVD-5|Any CPU = DVD-5|Any CPU
		Release|Any CPU = Release|Any CPU
		SingleImage|Any CPU = SingleImage|Any CPU
	EndGlobalSection
	GlobalSection(ProjectConfigurationPlatforms) = postSolution
		{88CBB948-0FE0-4F6F-A008-373B1435EAED}.CD_ROM|Any CPU.ActiveCfg = Release|Any CPU
		{88CBB948-0FE0-4F6F-A008-373B1435EAED}.CD_ROM|Any CPU.Build.0 = Release|Any CPU
		{88CBB948-0FE0-4F6F-A008-373B1435EAED}.Debug|Any CPU.ActiveCfg = Debug|Any CPU
		{88CBB948-0FE0-4F6F-A008-373B1435EAED}.Debug|Any CPU.Build.0 = Debug|Any CPU
		{88CBB948-0FE0-4F6F-A008-373B1435EAED}.DVD-5|Any CPU.ActiveCfg = Debug|Any CPU
		{88CBB948-0FE0-4F6F-A008-373B1435EAED}.DVD-5|Any CPU.Build.0 = Debug|Any CPU
		{88CBB948-0FE0-4F6F-A008-373B1435EAED}.Release|Any CPU.ActiveCfg = Release|Any CPU
		{88CBB948-0FE0-4F6F-A008-373B1435EAED}.Release|Any CPU.Build.0 = Release|Any CPU
		{88CBB948-0FE0-4F6F-A008-373B1435EAED}.SingleImage|Any CPU.ActiveCfg = Release|Any CPU
		{88CBB948-0FE0-4F6F-A008-373B1435EAED}.SingleImage|Any CPU.Build.0 = Release|Any CPU
		{43F7DCC6-1B8C-462C-9415-E22C472AB042}.CD_ROM|Any CPU.ActiveCfg = Release|Any CPU
		{43F7DCC6-1B8C-462C-9415-E22C472AB042}.CD_ROM|Any CPU.Build.0 = Release|Any CPU
		{43F7DCC6-1B8C-462C-9415-E22C472AB042}.Debug|Any CPU.ActiveCfg = Debug|Any CPU
		{43F7DCC6-1B8C-462C-9415-E22C472AB042}.Debug|Any CPU.Build.0 = Debug|Any CPU
		{43F7DCC6-1B8C-462C-9415-E22C472AB042}.DVD-5|Any CPU.ActiveCfg = Debug|Any CPU
		{43F7DCC6-1B8C-462C-9415-E22C472AB042}.DVD-5|Any CPU.Build.0 = Debug|Any CPU
		{43F7DCC6-1B8C-462C-9415-E22C472AB042}.Release|Any CPU.ActiveCfg = Release|Any CPU
		{43F7DCC6-1B8C-462C-9415-E22C472AB042}.Release|Any CPU.Build.0 = Release|Any CPU
		{43F7DCC6-1B8C-462C-9415-E22C472AB042}.SingleImage|Any CPU.ActiveCfg = Release|Any CPU
		{43F7DCC6-1B8C-462C-9415-E22C472AB042}.SingleImage|Any CPU.Build.0 = Release|Any CPU
		{1E0ADFB1-B83D-4DAA-8469-6736336ED398}.CD_ROM|Any CPU.ActiveCfg = Release|Any CPU
		{1E0ADFB1-B83D-4DAA-8469-6736336ED398}.CD_ROM|Any CPU.Build.0 = Release|Any CPU
		{1E0ADFB1-B83D-4DAA-8469-6736336ED398}.Debug|Any CPU.ActiveCfg = Debug|Any CPU
		{1E0ADFB1-B83D-4DAA-8469-6736336ED398}.Debug|Any CPU.Build.0 = Debug|Any CPU
		{1E0ADFB1-B83D-4DAA-8469-6736336ED398}.DVD-5|Any CPU.ActiveCfg = Debug|Any CPU
		{1E0ADFB1-B83D-4DAA-8469-6736336ED398}.DVD-5|Any CPU.Build.0 = Debug|Any CPU
		{1E0ADFB1-B83D-4DAA-8469-6736336ED398}.Release|Any CPU.ActiveCfg = Release|Any CPU
		{1E0ADFB1-B83D-4DAA-8469-6736336ED398}.Release|Any CPU.Build.0 = Release|Any CPU
		{1E0ADFB1-B83D-4DAA-8469-6736336ED398}.SingleImage|Any CPU.ActiveCfg = Release|Any CPU
		{1E0ADFB1-B83D-4DAA-8469-6736336ED398}.SingleImage|Any CPU.Build.0 = Release|Any CPU
		{C3510D56-EF85-4EE1-B622-8BBA44025950}.CD_ROM|Any CPU.ActiveCfg = CD_ROM
		{C3510D56-EF85-4EE1-B622-8BBA44025950}.CD_ROM|Any CPU.Build.0 = CD_ROM
		{C3510D56-EF85-4EE1-B622-8BBA44025950}.Debug|Any CPU.ActiveCfg = DVD-5
		{C3510D56-EF85-4EE1-B622-8BBA44025950}.Debug|Any CPU.Build.0 = DVD-5
		{C3510D56-EF85-4EE1-B622-8BBA44025950}.DVD-5|Any CPU.ActiveCfg = DVD-5
		{C3510D56-EF85-4EE1-B622-8BBA44025950}.DVD-5|Any CPU.Build.0 = DVD-5
		{C3510D56-EF85-4EE1-B622-8BBA44025950}.Release|Any CPU.ActiveCfg = SingleImage
		{C3510D56-EF85-4EE1-B622-8BBA44025950}.Release|Any CPU.Build.0 = SingleImage
		{C3510D56-EF85-4EE1-B622-8BBA44025950}.SingleImage|Any CPU.ActiveCfg = SingleImage
		{C3510D56-EF85-4EE1-B622-8BBA44025950}.SingleImage|Any CPU.Build.0 = SingleImage
		{574CF095-88B7-4149-A390-61E89EEEA503}.CD_ROM|Any CPU.ActiveCfg = CD_ROM
		{574CF095-88B7-4149-A390-61E89EEEA503}.CD_ROM|Any CPU.Build.0 = CD_ROM
		{574CF095-88B7-4149-A390-61E89EEEA503}.Debug|Any CPU.ActiveCfg = DVD-5
		{574CF095-88B7-4149-A390-61E89EEEA503}.Debug|Any CPU.Build.0 = DVD-5
		{574CF095-88B7-4149-A390-61E89EEEA503}.DVD-5|Any CPU.ActiveCfg = DVD-5
		{574CF095-88B7-4149-A390-61E89EEEA503}.DVD-5|Any CPU.Build.0 = DVD-5
		{574CF095-88B7-4149-A390-61E89EEEA503}.Release|Any CPU.ActiveCfg = SingleImage
		{574CF095-88B7-4149-A390-61E89EEEA503}.Release|Any CPU.Build.0 = SingleImage
		{574CF095-88B7-4149-A390-61E89EEEA503}.SingleImage|Any CPU.ActiveCfg = SingleImage
		{574CF095-88B7-4149-A390-61E89EEEA503}.SingleImage|Any CPU.Build.0 = SingleImage
		{5A994489-11D3-42B0-A9E4-7568F494D14C}.CD_ROM|Any CPU.ActiveCfg = CD_ROM
		{5A994489-11D3-42B0-A9E4-7568F494D14C}.CD_ROM|Any CPU.Build.0 = CD_ROM
		{5A994489-11D3-42B0-A9E4-7568F494D14C}.Debug|Any CPU.ActiveCfg = DVD-5
		{5A994489-11D3-42B0-A9E4-7568F494D14C}.Debug|Any CPU.Build.0 = DVD-5
		{5A994489-11D3-42B0-A9E4-7568F494D14C}.DVD-5|Any CPU.ActiveCfg = DVD-5
		{5A994489-11D3-42B0-A9E4-7568F494D14C}.DVD-5|Any CPU.Build.0 = DVD-5
		{5A994489-11D3-42B0-A9E4-7568F494D14C}.Release|Any CPU.ActiveCfg = SingleImage
		{5A994489-11D3-42B0-A9E4-7568F494D14C}.Release|Any CPU.Build.0 = SingleImage
		{5A994489-11D3-42B0-A9E4-7568F494D14C}.SingleImage|Any CPU.ActiveCfg = SingleImage
		{5A994489-11D3-42B0-A9E4-7568F494D14C}.SingleImage|Any CPU.Build.0 = SingleImage
	EndGlobalSection
	GlobalSection(SolutionProperties) = preSolution
		HideSolutionNode = FALSE
	EndGlobalSection
EndGlobal
